
Microsoft Visual Studio Solution File, Format Version 12.00
# Visual Studio Version 17
VisualStudioVersion = 17.11.35312.102
MinimumVisualStudioVersion = 10.0.40219.1
Project("{9A19103F-16F7-4668-BE54-9A1E7A4F7556}") = "TicTacToe", "TicTacToe.csproj", "{C1BB5639-9778-4F72-8D42-2B088F9743A2}"
EndProject
Global
	GlobalSection(SolutionConfigurationPlatforms) = preSolution
		Debug|Any CPU = Debug|Any CPU
		Release|Any CPU = Release|Any CPU
	EndGlobalSection
	GlobalSection(ProjectConfigurationPlatforms) = postSolution
		{C1BB5639-9778-4F72-8D42-2B088F9743A2}.Debug|Any CPU.ActiveCfg = Debug|Any CPU
		{C1BB5639-9778-4F72-8D42-2B088F9743A2}.Debug|Any CPU.Build.0 = Debug|Any CPU
		{C1BB5639-9778-4F72-8D42-2B088F9743A2}.Release|Any CPU.ActiveCfg = Release|Any CPU
		{C1BB5639-9778-4F72-8D42-2B088F9743A2}.Release|Any CPU.Build.0 = Release|Any CPU
	EndGlobalSection
	GlobalSection(SolutionProperties) = preSolution
		HideSolutionNode = FALSE
	EndGlobalSection
	GlobalSection(ExtensibilityGlobals) = postSolution
		SolutionGuid = {31300B81-5436-42BE-BA87-2A77EB46F1FF}
	EndGlobalSection
EndGlobal
