
Microsoft Visual Studio Solution File, Format Version 12.00
# Visual Studio Version 17
VisualStudioVersion = 17.11.35312.102
MinimumVisualStudioVersion = 10.0.40219.1
Project("{FAE04EC0-301F-11D3-BF4B-00C04F79EFBC}") = "TicTacToe", "TicTacToe.csproj", "{5623FAD3-B437-4EC2-8897-52DF1D325F38}"
EndProject
Project("{FAE04EC0-301F-11D3-BF4B-00C04F79EFBC}") = "TicTacToeTest", "..\TicTacToeTest\TicTacToeTest.csproj", "{F06CF073-1E35-4A4A-A4D9-9E526AE6EA15}"
EndProject
Project("{2150E333-8FDC-42A3-9474-1A3956D46DE8}") = "Solution Items", "Solution Items", "{52C30237-1D61-46B2-BB0C-DF54942F3B89}"
	ProjectSection(SolutionItems) = preProject
		.git-ignore = .git-ignore
	EndProjectSection
EndProject
Global
	GlobalSection(SolutionConfigurationPlatforms) = preSolution
		Debug|Any CPU = Debug|Any CPU
		Release|Any CPU = Release|Any CPU
	EndGlobalSection
	GlobalSection(ProjectConfigurationPlatforms) = postSolution
		{5623FAD3-B437-4EC2-8897-52DF1D325F38}.Debug|Any CPU.ActiveCfg = Debug|Any CPU
		{5623FAD3-B437-4EC2-8897-52DF1D325F38}.Debug|Any CPU.Build.0 = Debug|Any CPU
		{5623FAD3-B437-4EC2-8897-52DF1D325F38}.Release|Any CPU.ActiveCfg = Release|Any CPU
		{5623FAD3-B437-4EC2-8897-52DF1D325F38}.Release|Any CPU.Build.0 = Release|Any CPU
		{F06CF073-1E35-4A4A-A4D9-9E526AE6EA15}.Debug|Any CPU.ActiveCfg = Debug|Any CPU
		{F06CF073-1E35-4A4A-A4D9-9E526AE6EA15}.Debug|Any CPU.Build.0 = Debug|Any CPU
		{F06CF073-1E35-4A4A-A4D9-9E526AE6EA15}.Release|Any CPU.ActiveCfg = Release|Any CPU
		{F06CF073-1E35-4A4A-A4D9-9E526AE6EA15}.Release|Any CPU.Build.0 = Release|Any CPU
	EndGlobalSection
	GlobalSection(SolutionProperties) = preSolution
		HideSolutionNode = FALSE
	EndGlobalSection
	GlobalSection(ExtensibilityGlobals) = postSolution
		SolutionGuid = {228674F5-0142-4DBE-B743-794AA106120E}
	EndGlobalSection
EndGlobal
